
Microsoft Visual Studio Solution File, Format Version 12.00
# Visual Studio Version 17
VisualStudioVersion = 17.6.33801.468
MinimumVisualStudioVersion = 10.0.40219.1
Project("{9A19103F-16F7-4668-BE54-9A1E7A4F7556}") = "NewProject", "NewProject\NewProject.csproj", "{B28CDAE8-A038-4D8E-A881-813B23D7C274}"
EndProject
Project("{9A19103F-16F7-4668-BE54-9A1E7A4F7556}") = "Dongulerr", "Dongulerr\Dongulerr.csproj", "{139A4E08-9DCB-4F9E-9165-450C4C5378E8}"
EndProject
Project("{9A19103F-16F7-4668-BE54-9A1E7A4F7556}") = "classIntro", "classIntro\classIntro.csproj", "{C244AE06-3401-4D49-89C7-DDF51EE4EF2A}"
EndProject
Project("{9A19103F-16F7-4668-BE54-9A1E7A4F7556}") = "Methots", "Methots\Methots.csproj", "{EE994F53-00C1-48BB-8C0B-9E88C8D63E96}"
EndProject
Project("{9A19103F-16F7-4668-BE54-9A1E7A4F7556}") = "DegerVEReferansTipler", "DegerVEReferansTipler\DegerVEReferansTipler.csproj", "{A1F6BAC8-C6A7-45BB-A401-983A9ED1B02F}"
EndProject
Project("{9A19103F-16F7-4668-BE54-9A1E7A4F7556}") = "OOP1", "OOP1\OOP1.csproj", "{A5311FBD-A706-4F4D-846B-341646441F55}"
EndProject
Project("{FAE04EC0-301F-11D3-BF4B-00C04F79EFBC}") = "Koleksiyonlar", "Koleksiyonlar\Koleksiyonlar.csproj", "{C8B133B0-1D75-43B8-A800-2891665063CB}"
EndProject
Global
	GlobalSection(SolutionConfigurationPlatforms) = preSolution
		Debug|Any CPU = Debug|Any CPU
		Release|Any CPU = Release|Any CPU
	EndGlobalSection
	GlobalSection(ProjectConfigurationPlatforms) = postSolution
		{B28CDAE8-A038-4D8E-A881-813B23D7C274}.Debug|Any CPU.ActiveCfg = Debug|Any CPU
		{B28CDAE8-A038-4D8E-A881-813B23D7C274}.Debug|Any CPU.Build.0 = Debug|Any CPU
		{B28CDAE8-A038-4D8E-A881-813B23D7C274}.Release|Any CPU.ActiveCfg = Release|Any CPU
		{B28CDAE8-A038-4D8E-A881-813B23D7C274}.Release|Any CPU.Build.0 = Release|Any CPU
		{139A4E08-9DCB-4F9E-9165-450C4C5378E8}.Debug|Any CPU.ActiveCfg = Debug|Any CPU
		{139A4E08-9DCB-4F9E-9165-450C4C5378E8}.Debug|Any CPU.Build.0 = Debug|Any CPU
		{139A4E08-9DCB-4F9E-9165-450C4C5378E8}.Release|Any CPU.ActiveCfg = Release|Any CPU
		{139A4E08-9DCB-4F9E-9165-450C4C5378E8}.Release|Any CPU.Build.0 = Release|Any CPU
		{C244AE06-3401-4D49-89C7-DDF51EE4EF2A}.Debug|Any CPU.ActiveCfg = Debug|Any CPU
		{C244AE06-3401-4D49-89C7-DDF51EE4EF2A}.Debug|Any CPU.Build.0 = Debug|Any CPU
		{C244AE06-3401-4D49-89C7-DDF51EE4EF2A}.Release|Any CPU.ActiveCfg = Release|Any CPU
		{C244AE06-3401-4D49-89C7-DDF51EE4EF2A}.Release|Any CPU.Build.0 = Release|Any CPU
		{EE994F53-00C1-48BB-8C0B-9E88C8D63E96}.Debug|Any CPU.ActiveCfg = Debug|Any CPU
		{EE994F53-00C1-48BB-8C0B-9E88C8D63E96}.Debug|Any CPU.Build.0 = Debug|Any CPU
		{EE994F53-00C1-48BB-8C0B-9E88C8D63E96}.Release|Any CPU.ActiveCfg = Release|Any CPU
		{EE994F53-00C1-48BB-8C0B-9E88C8D63E96}.Release|Any CPU.Build.0 = Release|Any CPU
		{A1F6BAC8-C6A7-45BB-A401-983A9ED1B02F}.Debug|Any CPU.ActiveCfg = Debug|Any CPU
		{A1F6BAC8-C6A7-45BB-A401-983A9ED1B02F}.Debug|Any CPU.Build.0 = Debug|Any CPU
		{A1F6BAC8-C6A7-45BB-A401-983A9ED1B02F}.Release|Any CPU.ActiveCfg = Release|Any CPU
		{A1F6BAC8-C6A7-45BB-A401-983A9ED1B02F}.Release|Any CPU.Build.0 = Release|Any CPU
		{A5311FBD-A706-4F4D-846B-341646441F55}.Debug|Any CPU.ActiveCfg = Debug|Any CPU
		{A5311FBD-A706-4F4D-846B-341646441F55}.Debug|Any CPU.Build.0 = Debug|Any CPU
		{A5311FBD-A706-4F4D-846B-341646441F55}.Release|Any CPU.ActiveCfg = Release|Any CPU
		{A5311FBD-A706-4F4D-846B-341646441F55}.Release|Any CPU.Build.0 = Release|Any CPU
		{C8B133B0-1D75-43B8-A800-2891665063CB}.Debug|Any CPU.ActiveCfg = Debug|Any CPU
		{C8B133B0-1D75-43B8-A800-2891665063CB}.Debug|Any CPU.Build.0 = Debug|Any CPU
		{C8B133B0-1D75-43B8-A800-2891665063CB}.Release|Any CPU.ActiveCfg = Release|Any CPU
		{C8B133B0-1D75-43B8-A800-2891665063CB}.Release|Any CPU.Build.0 = Release|Any CPU
	EndGlobalSection
	GlobalSection(SolutionProperties) = preSolution
		HideSolutionNode = FALSE
	EndGlobalSection
	GlobalSection(ExtensibilityGlobals) = postSolution
		SolutionGuid = {4A5F6B25-D8F5-4039-A4E8-3964183A1FB8}
	EndGlobalSection
EndGlobal
